// !$*UTF8*$!
{
	archiveVersion = 1;
	classes = {
	};
	objectVersion = 46;
	objects = {

/* Begin PBXBuildFile section */
		5D228EA51AB01AB700B64429 /* main.m in Sources */ = {isa = PBXBuildFile; fileRef = 5D228EA41AB01AB700B64429 /* main.m */; };
		5D228EA81AB01AB700B64429 /* AppDelegate.m in Sources */ = {isa = PBXBuildFile; fileRef = 5D228EA71AB01AB700B64429 /* AppDelegate.m */; };
		5D228EAB1AB01AB700B64429 /* ViewController.m in Sources */ = {isa = PBXBuildFile; fileRef = 5D228EAA1AB01AB700B64429 /* ViewController.m */; };
		5D228EAE1AB01AB700B64429 /* Main.storyboard in Resources */ = {isa = PBXBuildFile; fileRef = 5D228EAC1AB01AB700B64429 /* Main.storyboard */; };
		5D228EB01AB01AB700B64429 /* Images.xcassets in Resources */ = {isa = PBXBuildFile; fileRef = 5D228EAF1AB01AB700B64429 /* Images.xcassets */; };
		5D228EB31AB01AB700B64429 /* LaunchScreen.xib in Resources */ = {isa = PBXBuildFile; fileRef = 5D228EB11AB01AB700B64429 /* LaunchScreen.xib */; };
		5D228EBF1AB01AB700B64429 /* FollowMeTests.m in Sources */ = {isa = PBXBuildFile; fileRef = 5D228EBE1AB01AB700B64429 /* FollowMeTests.m */; };
/* End PBXBuildFile section */

/* Begin PBXContainerItemProxy section */
		5D228EB91AB01AB700B64429 /* PBXContainerItemProxy */ = {
			isa = PBXContainerItemProxy;
			containerPortal = 5D228E971AB01AB700B64429 /* Project object */;
			proxyType = 1;
			remoteGlobalIDString = 5D228E9E1AB01AB700B64429;
			remoteInfo = FollowMe;
		};
/* End PBXContainerItemProxy section */

/* Begin PBXFileReference section */
		5D228E9F1AB01AB700B64429 /* FollowMe.app */ = {isa = PBXFileReference; explicitFileType = wrapper.application; includeInIndex = 0; path = FollowMe.app; sourceTree = BUILT_PRODUCTS_DIR; };
		5D228EA31AB01AB700B64429 /* Info.plist */ = {isa = PBXFileReference; lastKnownFileType = text.plist.xml; path = Info.plist; sourceTree = "<group>"; };
		5D228EA41AB01AB700B64429 /* main.m */ = {isa = PBXFileReference; lastKnownFileType = sourcecode.c.objc; path = main.m; sourceTree = "<group>"; };
		5D228EA61AB01AB700B64429 /* AppDelegate.h */ = {isa = PBXFileReference; lastKnownFileType = sourcecode.c.h; path = AppDelegate.h; sourceTree = "<group>"; };
		5D228EA71AB01AB700B64429 /* AppDelegate.m */ = {isa = PBXFileReference; lastKnownFileType = sourcecode.c.objc; path = AppDelegate.m; sourceTree = "<group>"; };
		5D228EA91AB01AB700B64429 /* ViewController.h */ = {isa = PBXFileReference; lastKnownFileType = sourcecode.c.h; path = ViewController.h; sourceTree = "<group>"; };
		5D228EAA1AB01AB700B64429 /* ViewController.m */ = {isa = PBXFileReference; lastKnownFileType = sourcecode.c.objc; path = ViewController.m; sourceTree = "<group>"; };
		5D228EAD1AB01AB700B64429 /* Base */ = {isa = PBXFileReference; lastKnownFileType = file.storyboard; name = Base; path = Base.lproj/Main.storyboard; sourceTree = "<group>"; };
		5D228EAF1AB01AB700B64429 /* Images.xcassets */ = {isa = PBXFileReference; lastKnownFileType = folder.assetcatalog; path = Images.xcassets; sourceTree = "<group>"; };
		5D228EB21AB01AB700B64429 /* Base */ = {isa = PBXFileReference; lastKnownFileType = file.xib; name = Base; path = Base.lproj/LaunchScreen.xib; sourceTree = "<group>"; };
		5D228EB81AB01AB700B64429 /* FollowMeTests.xctest */ = {isa = PBXFileReference; explicitFileType = wrapper.cfbundle; includeInIndex = 0; path = FollowMeTests.xctest; sourceTree = BUILT_PRODUCTS_DIR; };
		5D228EBD1AB01AB700B64429 /* Info.plist */ = {isa = PBXFileReference; lastKnownFileType = text.plist.xml; path = Info.plist; sourceTree = "<group>"; };
		5D228EBE1AB01AB700B64429 /* FollowMeTests.m */ = {isa = PBXFileReference; lastKnownFileType = sourcecode.c.objc; path = FollowMeTests.m; sourceTree = "<group>"; };
/* End PBXFileReference section */

/* Begin PBXFrameworksBuildPhase section */
		5D228E9C1AB01AB700B64429 /* Frameworks */ = {
			isa = PBXFrameworksBuildPhase;
			buildActionMask = 2147483647;
			files = (
			);
			runOnlyForDeploymentPostprocessing = 0;
		};
		5D228EB51AB01AB700B64429 /* Frameworks */ = {
			isa = PBXFrameworksBuildPhase;
			buildActionMask = 2147483647;
			files = (
			);
			runOnlyForDeploymentPostprocessing = 0;
		};
/* End PBXFrameworksBuildPhase section */

/* Begin PBXGroup section */
		5D228E961AB01AB700B64429 = {
			isa = PBXGroup;
			children = (
				5D228EA11AB01AB700B64429 /* FollowMe */,
				5D228EBB1AB01AB700B64429 /* FollowMeTests */,
				5D228EA01AB01AB700B64429 /* Products */,
			);
			sourceTree = "<group>";
		};
		5D228EA01AB01AB700B64429 /* Products */ = {
			isa = PBXGroup;
			children = (
				5D228E9F1AB01AB700B64429 /* FollowMe.app */,
				5D228EB81AB01AB700B64429 /* FollowMeTests.xctest */,
			);
			name = Products;
			sourceTree = "<group>";
		};
		5D228EA11AB01AB700B64429 /* FollowMe */ = {
			isa = PBXGroup;
			children = (
				5D228ECB1AB01B0400B64429 /* Controller */,
				5D228ECA1AB01AFD00B64429 /* View */,
				5D228EC91AB01AF800B64429 /* Model */,
				5D228EC81AB01AEC00B64429 /* AppDelegate */,
				5D228EAF1AB01AB700B64429 /* Images.xcassets */,
				5D228EA21AB01AB700B64429 /* Supporting Files */,
			);
			path = FollowMe;
			sourceTree = "<group>";
		};
		5D228EA21AB01AB700B64429 /* Supporting Files */ = {
			isa = PBXGroup;
			children = (
				5D228EA31AB01AB700B64429 /* Info.plist */,
				5D228EA41AB01AB700B64429 /* main.m */,
			);
			name = "Supporting Files";
			sourceTree = "<group>";
		};
		5D228EBB1AB01AB700B64429 /* FollowMeTests */ = {
			isa = PBXGroup;
			children = (
				5D228EBE1AB01AB700B64429 /* FollowMeTests.m */,
				5D228EBC1AB01AB700B64429 /* Supporting Files */,
			);
			path = FollowMeTests;
			sourceTree = "<group>";
		};
		5D228EBC1AB01AB700B64429 /* Supporting Files */ = {
			isa = PBXGroup;
			children = (
				5D228EBD1AB01AB700B64429 /* Info.plist */,
			);
			name = "Supporting Files";
			sourceTree = "<group>";
		};
		5D228EC81AB01AEC00B64429 /* AppDelegate */ = {
			isa = PBXGroup;
			children = (
				5D228EA61AB01AB700B64429 /* AppDelegate.h */,
				5D228EA71AB01AB700B64429 /* AppDelegate.m */,
			);
			name = AppDelegate;
			sourceTree = "<group>";
		};
		5D228EC91AB01AF800B64429 /* Model */ = {
			isa = PBXGroup;
			children = (
			);
			name = Model;
			sourceTree = "<group>";
		};
		5D228ECA1AB01AFD00B64429 /* View */ = {
			isa = PBXGroup;
			children = (
				5D228EAC1AB01AB700B64429 /* Main.storyboard */,
				5D228EB11AB01AB700B64429 /* LaunchScreen.xib */,
			);
			name = View;
			sourceTree = "<group>";
		};
		5D228ECB1AB01B0400B64429 /* Controller */ = {
			isa = PBXGroup;
			children = (
				5D228ECC1AB01B3000B64429 /* Home */,
			);
			name = Controller;
			sourceTree = "<group>";
		};
		5D228ECC1AB01B3000B64429 /* Home */ = {
			isa = PBXGroup;
			children = (
				5D228EA91AB01AB700B64429 /* ViewController.h */,
				5D228EAA1AB01AB700B64429 /* ViewController.m */,
			);
			name = Home;
			sourceTree = "<group>";
		};
/* End PBXGroup section */

/* Begin PBXNativeTarget section */
		5D228E9E1AB01AB700B64429 /* FollowMe */ = {
			isa = PBXNativeTarget;
			buildConfigurationList = 5D228EC21AB01AB700B64429 /* Build configuration list for PBXNativeTarget "FollowMe" */;
			buildPhases = (
				5D228E9B1AB01AB700B64429 /* Sources */,
				5D228E9C1AB01AB700B64429 /* Frameworks */,
				5D228E9D1AB01AB700B64429 /* Resources */,
			);
			buildRules = (
			);
			dependencies = (
			);
			name = FollowMe;
			productName = FollowMe;
			productReference = 5D228E9F1AB01AB700B64429 /* FollowMe.app */;
			productType = "com.apple.product-type.application";
		};
		5D228EB71AB01AB700B64429 /* FollowMeTests */ = {
			isa = PBXNativeTarget;
			buildConfigurationList = 5D228EC51AB01AB700B64429 /* Build configuration list for PBXNativeTarget "FollowMeTests" */;
			buildPhases = (
				5D228EB41AB01AB700B64429 /* Sources */,
				5D228EB51AB01AB700B64429 /* Frameworks */,
				5D228EB61AB01AB700B64429 /* Resources */,
			);
			buildRules = (
			);
			dependencies = (
				5D228EBA1AB01AB700B64429 /* PBXTargetDependency */,
			);
			name = FollowMeTests;
			productName = FollowMeTests;
			productReference = 5D228EB81AB01AB700B64429 /* FollowMeTests.xctest */;
			productType = "com.apple.product-type.bundle.unit-test";
		};
/* End PBXNativeTarget section */

/* Begin PBXProject section */
		5D228E971AB01AB700B64429 /* Project object */ = {
			isa = PBXProject;
			attributes = {
				LastUpgradeCheck = 0600;
				ORGANIZATIONNAME = "Dlg developpement";
				TargetAttributes = {
					5D228E9E1AB01AB700B64429 = {
						CreatedOnToolsVersion = 6.0.1;
					};
					5D228EB71AB01AB700B64429 = {
						CreatedOnToolsVersion = 6.0.1;
						TestTargetID = 5D228E9E1AB01AB700B64429;
					};
				};
			};
			buildConfigurationList = 5D228E9A1AB01AB700B64429 /* Build configuration list for PBXProject "FollowMe" */;
			compatibilityVersion = "Xcode 3.2";
			developmentRegion = English;
			hasScannedForEncodings = 0;
			knownRegions = (
				en,
				Base,
			);
			mainGroup = 5D228E961AB01AB700B64429;
			productRefGroup = 5D228EA01AB01AB700B64429 /* Products */;
			projectDirPath = "";
			projectRoot = "";
			targets = (
				5D228E9E1AB01AB700B64429 /* FollowMe */,
				5D228EB71AB01AB700B64429 /* FollowMeTests */,
			);
		};
/* End PBXProject section */

/* Begin PBXResourcesBuildPhase section */
		5D228E9D1AB01AB700B64429 /* Resources */ = {
			isa = PBXResourcesBuildPhase;
			buildActionMask = 2147483647;
			files = (
				5D228EAE1AB01AB700B64429 /* Main.storyboard in Resources */,
				5D228EB31AB01AB700B64429 /* LaunchScreen.xib in Resources */,
				5D228EB01AB01AB700B64429 /* Images.xcassets in Resources */,
			);
			runOnlyForDeploymentPostprocessing = 0;
		};
		5D228EB61AB01AB700B64429 /* Resources */ = {
			isa = PBXResourcesBuildPhase;
			buildActionMask = 2147483647;
			files = (
			);
			runOnlyForDeploymentPostprocessing = 0;
		};
/* End PBXResourcesBuildPhase section */

/* Begin PBXSourcesBuildPhase section */
		5D228E9B1AB01AB700B64429 /* Sources */ = {
			isa = PBXSourcesBuildPhase;
			buildActionMask = 2147483647;
			files = (
				5D228EAB1AB01AB700B64429 /* ViewController.m in Sources */,
				5D228EA81AB01AB700B64429 /* AppDelegate.m in Sources */,
				5D228EA51AB01AB700B64429 /* main.m in Sources */,
			);
			runOnlyForDeploymentPostprocessing = 0;
		};
		5D228EB41AB01AB700B64429 /* Sources */ = {
			isa = PBXSourcesBuildPhase;
			buildActionMask = 2147483647;
			files = (
				5D228EBF1AB01AB700B64429 /* FollowMeTests.m in Sources */,
			);
			runOnlyForDeploymentPostprocessing = 0;
		};
/* End PBXSourcesBuildPhase section */

/* Begin PBXTargetDependency section */
		5D228EBA1AB01AB700B64429 /* PBXTargetDependency */ = {
			isa = PBXTargetDependency;
			target = 5D228E9E1AB01AB700B64429 /* FollowMe */;
			targetProxy = 5D228EB91AB01AB700B64429 /* PBXContainerItemProxy */;
		};
/* End PBXTargetDependency section */

/* Begin PBXVariantGroup section */
		5D228EAC1AB01AB700B64429 /* Main.storyboard */ = {
			isa = PBXVariantGroup;
			children = (
				5D228EAD1AB01AB700B64429 /* Base */,
			);
			name = Main.storyboard;
			sourceTree = "<group>";
		};
		5D228EB11AB01AB700B64429 /* LaunchScreen.xib */ = {
			isa = PBXVariantGroup;
			children = (
				5D228EB21AB01AB700B64429 /* Base */,
			);
			name = LaunchScreen.xib;
			sourceTree = "<group>";
		};
/* End PBXVariantGroup section */

/* Begin XCBuildConfiguration section */
		5D228EC01AB01AB700B64429 /* Debug */ = {
			isa = XCBuildConfiguration;
			buildSettings = {
				ALWAYS_SEARCH_USER_PATHS = NO;
				CLANG_CXX_LANGUAGE_STANDARD = "gnu++0x";
				CLANG_CXX_LIBRARY = "libc++";
				CLANG_ENABLE_MODULES = YES;
				CLANG_ENABLE_OBJC_ARC = YES;
				CLANG_WARN_BOOL_CONVERSION = YES;
				CLANG_WARN_CONSTANT_CONVERSION = YES;
				CLANG_WARN_DIRECT_OBJC_ISA_USAGE = YES_ERROR;
				CLANG_WARN_EMPTY_BODY = YES;
				CLANG_WARN_ENUM_CONVERSION = YES;
				CLANG_WARN_INT_CONVERSION = YES;
				CLANG_WARN_OBJC_ROOT_CLASS = YES_ERROR;
				CLANG_WARN_UNREACHABLE_CODE = YES;
				CLANG_WARN__DUPLICATE_METHOD_MATCH = YES;
				"CODE_SIGN_IDENTITY[sdk=iphoneos*]" = "iPhone Developer";
				COPY_PHASE_STRIP = NO;
				ENABLE_STRICT_OBJC_MSGSEND = YES;
				GCC_C_LANGUAGE_STANDARD = gnu99;
				GCC_DYNAMIC_NO_PIC = NO;
				GCC_OPTIMIZATION_LEVEL = 0;
				GCC_PREPROCESSOR_DEFINITIONS = (
					"DEBUG=1",
					"$(inherited)",
				);
				GCC_SYMBOLS_PRIVATE_EXTERN = NO;
				GCC_WARN_64_TO_32_BIT_CONVERSION = YES;
				GCC_WARN_ABOUT_RETURN_TYPE = YES_ERROR;
				GCC_WARN_UNDECLARED_SELECTOR = YES;
				GCC_WARN_UNINITIALIZED_AUTOS = YES_AGGRESSIVE;
				GCC_WARN_UNUSED_FUNCTION = YES;
				GCC_WARN_UNUSED_VARIABLE = YES;
				IPHONEOS_DEPLOYMENT_TARGET = 8.0;
				MTL_ENABLE_DEBUG_INFO = YES;
				ONLY_ACTIVE_ARCH = YES;
				SDKROOT = iphoneos;
			};
			name = Debug;
		};
		5D228EC11AB01AB700B64429 /* Release */ = {
			isa = XCBuildConfiguration;
			buildSettings = {
				ALWAYS_SEARCH_USER_PATHS = NO;
				CLANG_CXX_LANGUAGE_STANDARD = "gnu++0x";
				CLANG_CXX_LIBRARY = "libc++";
				CLANG_ENABLE_MODULES = YES;
				CLANG_ENABLE_OBJC_ARC = YES;
				CLANG_WARN_BOOL_CONVERSION = YES;
				CLANG_WARN_CONSTANT_CONVERSION = YES;
				CLANG_WARN_DIRECT_OBJC_ISA_USAGE = YES_ERROR;
				CLANG_WARN_EMPTY_BODY = YES;
				CLANG_WARN_ENUM_CONVERSION = YES;
				CLANG_WARN_INT_CONVERSION = YES;
				CLANG_WARN_OBJC_ROOT_CLASS = YES_ERROR;
				CLANG_WARN_UNREACHABLE_CODE = YES;
				CLANG_WARN__DUPLICATE_METHOD_MATCH = YES;
				"CODE_SIGN_IDENTITY[sdk=iphoneos*]" = "iPhone Developer";
				COPY_PHASE_STRIP = YES;
				ENABLE_NS_ASSERTIONS = NO;
				ENABLE_STRICT_OBJC_MSGSEND = YES;
				GCC_C_LANGUAGE_STANDARD = gnu99;
				GCC_WARN_64_TO_32_BIT_CONVERSION = YES;
				GCC_WARN_ABOUT_RETURN_TYPE = YES_ERROR;
				GCC_WARN_UNDECLARED_SELECTOR = YES;
				GCC_WARN_UNINITIALIZED_AUTOS = YES_AGGRESSIVE;
				GCC_WARN_UNUSED_FUNCTION = YES;
				GCC_WARN_UNUSED_VARIABLE = YES;
				IPHONEOS_DEPLOYMENT_TARGET = 8.0;
				MTL_ENABLE_DEBUG_INFO = NO;
				SDKROOT = iphoneos;
				VALIDATE_PRODUCT = YES;
			};
			name = Release;
		};
		5D228EC31AB01AB700B64429 /* Debug */ = {
			isa = XCBuildConfiguration;
			buildSettings = {
				ASSETCATALOG_COMPILER_APPICON_NAME = AppIcon;
				INFOPLIST_FILE = FollowMe/Info.plist;
				LD_RUNPATH_SEARCH_PATHS = "$(inherited) @executable_path/Frameworks";
				PRODUCT_NAME = "$(TARGET_NAME)";
			};
			name = Debug;
		};
		5D228EC41AB01AB700B64429 /* Release */ = {
			isa = XCBuildConfiguration;
			buildSettings = {
				ASSETCATALOG_COMPILER_APPICON_NAME = AppIcon;
				INFOPLIST_FILE = FollowMe/Info.plist;
				LD_RUNPATH_SEARCH_PATHS = "$(inherited) @executable_path/Frameworks";
				PRODUCT_NAME = "$(TARGET_NAME)";
			};
			name = Release;
		};
		5D228EC61AB01AB700B64429 /* Debug */ = {
			isa = XCBuildConfiguration;
			buildSettings = {
				BUNDLE_LOADER = "$(TEST_HOST)";
				FRAMEWORK_SEARCH_PATHS = (
					"$(SDKROOT)/Developer/Library/Frameworks",
					"$(inherited)",
				);
				GCC_PREPROCESSOR_DEFINITIONS = (
					"DEBUG=1",
					"$(inherited)",
				);
				INFOPLIST_FILE = FollowMeTests/Info.plist;
				LD_RUNPATH_SEARCH_PATHS = "$(inherited) @executable_path/Frameworks @loader_path/Frameworks";
				PRODUCT_NAME = "$(TARGET_NAME)";
				TEST_HOST = "$(BUILT_PRODUCTS_DIR)/FollowMe.app/FollowMe";
			};
			name = Debug;
		};
		5D228EC71AB01AB700B64429 /* Release */ = {
			isa = XCBuildConfiguration;
			buildSettings = {
				BUNDLE_LOADER = "$(TEST_HOST)";
				FRAMEWORK_SEARCH_PATHS = (
					"$(SDKROOT)/Developer/Library/Frameworks",
					"$(inherited)",
				);
				INFOPLIST_FILE = FollowMeTests/Info.plist;
				LD_RUNPATH_SEARCH_PATHS = "$(inherited) @executable_path/Frameworks @loader_path/Frameworks";
				PRODUCT_NAME = "$(TARGET_NAME)";
				TEST_HOST = "$(BUILT_PRODUCTS_DIR)/FollowMe.app/FollowMe";
			};
			name = Release;
		};
/* End XCBuildConfiguration section */

/* Begin XCConfigurationList section */
		5D228E9A1AB01AB700B64429 /* Build configuration list for PBXProject "FollowMe" */ = {
			isa = XCConfigurationList;
			buildConfigurations = (
				5D228EC01AB01AB700B64429 /* Debug */,
				5D228EC11AB01AB700B64429 /* Release */,
			);
			defaultConfigurationIsVisible = 0;
			defaultConfigurationName = Release;
		};
		5D228EC21AB01AB700B64429 /* Build configuration list for PBXNativeTarget "FollowMe" */ = {
			isa = XCConfigurationList;
			buildConfigurations = (
				5D228EC31AB01AB700B64429 /* Debug */,
				5D228EC41AB01AB700B64429 /* Release */,
			);
			defaultConfigurationIsVisible = 0;
		};
		5D228EC51AB01AB700B64429 /* Build configuration list for PBXNativeTarget "FollowMeTests" */ = {
			isa = XCConfigurationList;
			buildConfigurations = (
				5D228EC61AB01AB700B64429 /* Debug */,
				5D228EC71AB01AB700B64429 /* Release */,
			);
			defaultConfigurationIsVisible = 0;
		};
/* End XCConfigurationList section */
	};
	rootObject = 5D228E971AB01AB700B64429 /* Project object */;
}
